# This file is autogenerated, do not edit; changes may be undone by the next 'dep ensure'.


[[projects]]
  name = "github.com/urfave/cli"
  packages = ["."]
  revision = "cfb38830724cc34fedffe9a2a29fb54fa9169cd1"
  version = "v1.20.0"

[[projects]]
  branch = "master"
  name = "golang.org/x/tools"
  packages = ["go/ast/astutil","imports"]
  revision = "9c57063f678bcbddd0bd7d5c26fdcc3f8ffee056"

[solve-meta]
  analyzer-name = "dep"
  analyzer-version = 1
  inputs-digest = "9a351e32ab4d1055d881201225b8f9184e2b7fe132cbe93b1c573adac51346ba"
  solver-name = "gps-cdcl"
  solver-version = 1
