# This file is autogenerated, do not edit; changes may be undone by the next 'dep ensure'.


[[projects]]
  branch = "master"
  name = "github.com/andreyvit/diff"
  packages = ["."]
  revision = "c7f18ee00883bfd3b00e0a2bf7607827e0148ad4"

[[projects]]
  branch = "master"
  name = "github.com/sergi/go-diff"
  packages = ["diffmatchpatch"]
  revision = "1744e2970ca51c86172c8190fadad617561ed6e7"

[[projects]]
  name = "github.com/urfave/cli"
  packages = ["."]
  revision = "cfb38830724cc34fedffe9a2a29fb54fa9169cd1"
  version = "v1.20.0"

[[projects]]
  branch = "master"
  name = "golang.org/x/tools"
  packages = ["go/ast/astutil","imports"]
  revision = "9c57063f678bcbddd0bd7d5c26fdcc3f8ffee056"

[solve-meta]
  analyzer-name = "dep"
  analyzer-version = 1
  inputs-digest = "08ae2717e8fcbe3eb6f6ef6151b0cf109693c843683e88286f9dbf1b41b63c75"
  solver-name = "gps-cdcl"
  solver-version = 1
